PODS:
  - YACOBasicController (0.1.2):
    - YACOBasicController/BaseNavigationController (= 0.1.2)
    - YACOBasicController/BaseTabBarController (= 0.1.2)
    - YACOBasicController/BaseViewController (= 0.1.2)
    - YACOBasicController/RTRootNavigationController (= 0.1.2)
  - YACOBasicController/BaseNavigationController (0.1.2):
    - YACOBasicController/RTRootNavigationController
  - YACOBasicController/BaseTabBarController (0.1.2)
  - YACOBasicController/BaseViewController (0.1.2)
  - YACOBasicController/RTRootNavigationController (0.1.2)

DEPENDENCIES:
  - YACOBasicController (from `../`)

EXTERNAL SOURCES:
  YACOBasicController:
    :path: "../"

SPEC CHECKSUMS:
  YACOBasicController: d83d77eda6be7ab5b0c9b1ec1573688ee578c22f

PODFILE CHECKSUM: 510dc862b07bedb24f880e89ba87c54a21fa24ea

COCOAPODS: 1.9.1
